{
  "name": "fp-ts-talk",
  "version": "1.0.0",
  "lockfileVersion": 1,
  "requires": true,
  "dependencies": {
    "@types/express": {
      "version": "4.16.1",
      "resolved": "https://registry.npmjs.org/@types/express/-/express-4.16.1.tgz",
      "integrity": "sha512-V0clmJow23WeyblmACoxbHBu2JKlE5TiIme6Lem14FnPW9gsttyHtk6wq7njcdIWH1njAaFgR8gW09lgY98gQg==",
      "dev": true
    },
    "@types/jest": {
      "version": "24.0.11",
      "resolved": "https://registry.npmjs.org/@types/jest/-/jest-24.0.11.tgz",
      "integrity": "sha512-2kLuPC5FDnWIDvaJBzsGTBQaBbnDweznicvK7UGYzlIJP4RJR2a4A/ByLUXEyEgag6jz8eHdlWExGDtH3EYUXQ==",
      "dev": true
    },
    "array-flatten": {
      "version": "1.1.1",
      "resolved": "https://registry.npmjs.org/array-flatten/-/array-flatten-1.1.1.tgz",
      "integrity": "sha1-ml9pkFGx5wczKPKgCJaLZOopVdI="
    },
    "content-type": {
      "version": "1.0.4",
      "resolved": "https://registry.npmjs.org/content-type/-/content-type-1.0.4.tgz",
      "integrity": "sha512-hIP3EEPs8tB9AT1L+NUqtwOAps4mk2Zob89MWXMHjHWg9milF/j4osnnQLXBCBFBk/tvIG/tUc9mOUJiPBhPXA=="
    },
    "cookie-signature": {
      "version": "1.0.6",
      "resolved": "https://registry.npmjs.org/cookie-signature/-/cookie-signature-1.0.6.tgz",
      "integrity": "sha1-4wOogrNCzD7oylE6eZmXNNqzriw="
    },
    "debug": {
      "version": "2.6.9",
      "resolved": "https://registry.npmjs.org/debug/-/debug-2.6.9.tgz",
      "integrity": "sha512-bC7ElrdJaJnPbAP+1EotYvqZsb3ecl5wi6Bfi6BJTUcNowp6cvspg0jXznRTKDjm/E7AdgFBVeAPVMNcKGsHMA=="
    },
    "depd": {
      "version": "1.1.2",
      "resolved": "https://registry.npmjs.org/depd/-/depd-1.1.2.tgz",
      "integrity": "sha1-m81S4UwJd2PnSbJ0xDRu0uVgtak="
    },
    "destroy": {
      "version": "1.0.4",
      "resolved": "https://registry.npmjs.org/destroy/-/destroy-1.0.4.tgz",
      "integrity": "sha1-l4hXRCxEdJ5CBmE+N5RiBYJqvYA="
    },
    "encodeurl": {
      "version": "1.0.2",
      "resolved": "https://registry.npmjs.org/encodeurl/-/encodeurl-1.0.2.tgz",
      "integrity": "sha1-rT/0yG7C0CkyL1oCw6mmBslbP1k="
    },
    "escape-html": {
      "version": "1.0.3",
      "resolved": "https://registry.npmjs.org/escape-html/-/escape-html-1.0.3.tgz",
      "integrity": "sha1-Aljq5NPQwJdN4cFpGI7wBR0dGYg="
    },
    "etag": {
      "version": "1.8.1",
      "resolved": "https://registry.npmjs.org/etag/-/etag-1.8.1.tgz",
      "integrity": "sha1-Qa4u62XvpiJorr/qg6x9eSmbCIc="
    },
    "express": {
      "version": "4.17.3",
      "resolved": "https://registry.npmjs.org/express/-/express-4.17.3.tgz",
      "integrity": "sha512-yuSQpz5I+Ch7gFrPCk4/c+dIBKlQUxtgwqzph132bsT6qhuzss6I8cLJQz7B3rFblzd6wtcI0ZbGltH/C4LjUg==",
      "requires": {
        "accepts": "~1.3.8",
        "array-flatten": "1.1.1",
        "body-parser": "1.19.2",
        "content-disposition": "0.5.4",
        "content-type": "~1.0.4",
        "cookie": "0.4.2",
        "cookie-signature": "1.0.6",
        "debug": "2.6.9",
        "depd": "~1.1.2",
        "encodeurl": "~1.0.2",
        "escape-html": "~1.0.3",
        "etag": "~1.8.1",
        "finalhandler": "~1.1.2",
        "fresh": "0.5.2",
        "merge-descriptors": "1.0.1",
        "methods": "~1.1.2",
        "on-finished": "~2.3.0",
        "parseurl": "~1.3.3",
        "path-to-regexp": "0.1.7",
        "proxy-addr": "~2.0.7",
        "qs": "6.9.7",
        "range-parser": "~1.2.1",
        "safe-buffer": "5.2.1",
        "send": "0.17.2",
        "serve-static": "1.14.2",
        "setprototypeof": "1.2.0",
        "statuses": "~1.5.0",
        "type-is": "~1.6.18",
        "utils-merge": "1.0.1",
        "vary": "~1.1.2"
      },
      "dependencies": {
        "accepts": {
          "version": "1.3.8",
          "resolved": "https://registry.npmjs.org/accepts/-/accepts-1.3.8.tgz",
          "integrity": "sha512-PYAthTa2m2VKxuvSD3DPC/Gy+U+sOA1LAuT8mkmRuvw+NACSaeXEQ+NHcVF7rONl6qcaxV3Uuemwawk+7+SJLw==",
          "requires": {
            "mime-types": "~2.1.34",
            "negotiator": "0.6.3"
          }
        },
        "body-parser": {
          "version": "1.19.2",
          "resolved": "https://registry.npmjs.org/body-parser/-/body-parser-1.19.2.tgz",
          "integrity": "sha512-SAAwOxgoCKMGs9uUAUFHygfLAyaniaoun6I8mFY9pRAJL9+Kec34aU+oIjDhTycub1jozEfEwx1W1IuOYxVSFw==",
          "requires": {
            "bytes": "3.1.2",
            "content-type": "~1.0.4",
            "debug": "2.6.9",
            "depd": "~1.1.2",
            "http-errors": "1.8.1",
            "iconv-lite": "0.4.24",
            "on-finished": "~2.3.0",
            "qs": "6.9.7",
            "raw-body": "2.4.3",
            "type-is": "~1.6.18"
          }
        },
        "bytes": {
          "version": "3.1.2",
          "resolved": "https://registry.npmjs.org/bytes/-/bytes-3.1.2.tgz",
          "integrity": "sha512-/Nf7TyzTx6S3yRJObOAV7956r8cr2+Oj8AC5dt8wSP3BQAoeX58NoHyCU8P8zGkNXStjTSi6fzO6F0pBdcYbEg=="
        },
        "content-disposition": {
          "version": "0.5.4",
          "resolved": "https://registry.npmjs.org/content-disposition/-/content-disposition-0.5.4.tgz",
          "integrity": "sha512-FveZTNuGw04cxlAiWbzi6zTAL/lhehaWbTtgluJh4/E95DqMwTmha3KZN1aAWA8cFIhHzMZUvLevkw5Rqk+tSQ==",
          "requires": {
            "safe-buffer": "5.2.1"
          }
        },
        "cookie": {
          "version": "0.4.2",
          "resolved": "https://registry.npmjs.org/cookie/-/cookie-0.4.2.tgz",
          "integrity": "sha512-aSWTXFzaKWkvHO1Ny/s+ePFpvKsPnjc551iI41v3ny/ow6tBG5Vd+FuqGNhh1LxOmVzOlGUriIlOaokOvhaStA=="
        },
        "finalhandler": {
          "version": "1.1.2",
          "resolved": "https://registry.npmjs.org/finalhandler/-/finalhandler-1.1.2.tgz",
          "integrity": "sha512-aAWcW57uxVNrQZqFXjITpW3sIUQmHGG3qSb9mUah9MgMC4NeWhNOlNjXEYq3HjRAvL6arUviZGGJsBg6z0zsWA==",
          "requires": {
            "debug": "2.6.9",
            "encodeurl": "~1.0.2",
            "escape-html": "~1.0.3",
            "on-finished": "~2.3.0",
            "parseurl": "~1.3.3",
            "statuses": "~1.5.0",
            "unpipe": "~1.0.0"
          }
        },
        "forwarded": {
          "version": "0.2.0",
          "resolved": "https://registry.npmjs.org/forwarded/-/forwarded-0.2.0.tgz",
          "integrity": "sha512-buRG0fpBtRHSTCOASe6hD258tEubFoRLb4ZNA6NxMVHNw2gOcwHo9wyablzMzOA5z9xA9L1KNjk/Nt6MT9aYow=="
        },
        "http-errors": {
          "version": "1.8.1",
          "resolved": "https://registry.npmjs.org/http-errors/-/http-errors-1.8.1.tgz",
          "integrity": "sha512-Kpk9Sm7NmI+RHhnj6OIWDI1d6fIoFAtFt9RLaTMRlg/8w49juAStsrBgp0Dp4OdxdVbRIeKhtCUvoi/RuAhO4g==",
          "requires": {
            "depd": "~1.1.2",
            "inherits": "2.0.4",
            "setprototypeof": "1.2.0",
            "statuses": ">= 1.5.0 < 2",
            "toidentifier": "1.0.1"
          }
        },
        "iconv-lite": {
          "version": "0.4.24",
          "resolved": "https://registry.npmjs.org/iconv-lite/-/iconv-lite-0.4.24.tgz",
          "integrity": "sha512-v3MXnZAcvnywkTUEZomIActle7RXXeedOR31wwl7VlyoXO4Qi9arvSenNQWne1TcRwhCL1HwLI21bEqdpj8/rA==",
          "requires": {
            "safer-buffer": ">= 2.1.2 < 3"
          }
        },
        "inherits": {
          "version": "2.0.4",
          "resolved": "https://registry.npmjs.org/inherits/-/inherits-2.0.4.tgz",
          "integrity": "sha512-k/vGaX4/Yla3WzyMCvTQOXYeIHvqOKtnqBduzTHpzpQZzAskKMhZ2K+EnBiSM9zGSoIFeMpXKxa4dYeZIQqewQ=="
        },
        "ipaddr.js": {
          "version": "1.9.1",
          "resolved": "https://registry.npmjs.org/ipaddr.js/-/ipaddr.js-1.9.1.tgz",
          "integrity": "sha512-0KI/607xoxSToH7GjN1FfSbLoU0+btTicjsQSWQlh/hZykN8KpmMf7uYwPW3R+akZ6R/w18ZlXSHBYXiYUPO3g=="
        },
        "mime": {
          "version": "1.6.0",
          "resolved": "https://registry.npmjs.org/mime/-/mime-1.6.0.tgz",
          "integrity": "sha512-x0Vn8spI+wuJ1O6S7gnbaQg8Pxh4NNHb7KSINmEWKiPE4RKOplvijn+NkmYmmRgP68mc70j2EbeTFRsrswaQeg=="
        },
        "mime-db": {
          "version": "1.52.0",
          "resolved": "https://registry.npmjs.org/mime-db/-/mime-db-1.52.0.tgz",
          "integrity": "sha512-sPU4uV7dYlvtWJxwwxHD0PuihVNiE7TyAbQ5SWxDCB9mUYvOgroQOwYQQOKPJ8CIbE+1ETVlOoK1UC2nU3gYvg=="
        },
        "mime-types": {
          "version": "2.1.35",
          "resolved": "https://registry.npmjs.org/mime-types/-/mime-types-2.1.35.tgz",
          "integrity": "sha512-ZDY+bPm5zTTF+YpCrAU9nK0UgICYPT0QtT1NZWFv4s++TNkcgVaT0g6+4R2uI4MjQjzysHB1zxuWL50hzaeXiw==",
          "requires": {
            "mime-db": "1.52.0"
          }
        },
        "ms": {
          "version": "2.1.3",
          "resolved": "https://registry.npmjs.org/ms/-/ms-2.1.3.tgz",
          "integrity": "sha512-6FlzubTLZG3J2a/NVCAleEhjzq5oxgHyaCU9yYXvcLsvoVaHJq/s5xXI6/XXP6tz7R9xAOtHnSO/tXtF3WRTlA=="
        },
        "negotiator": {
          "version": "0.6.3",
          "resolved": "https://registry.npmjs.org/negotiator/-/negotiator-0.6.3.tgz",
          "integrity": "sha512-+EUsqGPLsM+j/zdChZjsnX51g4XrHFOIXwfnCVPGlQk/k5giakcKsuxCObBRu6DSm9opw/O6slWbJdghQM4bBg=="
        },
        "parseurl": {
          "version": "1.3.3",
          "resolved": "https://registry.npmjs.org/parseurl/-/parseurl-1.3.3.tgz",
          "integrity": "sha512-CiyeOxFT/JZyN5m0z9PfXw4SCBJ6Sygz1Dpl0wqjlhDEGGBP1GnsUVEL0p63hoG1fcj3fHynXi9NYO4nWOL+qQ=="
        },
        "proxy-addr": {
          "version": "2.0.7",
          "resolved": "https://registry.npmjs.org/proxy-addr/-/proxy-addr-2.0.7.tgz",
          "integrity": "sha512-llQsMLSUDUPT44jdrU/O37qlnifitDP+ZwrmmZcoSKyLKvtZxpyV0n2/bD/N4tBAAZ/gJEdZU7KMraoK1+XYAg==",
          "requires": {
            "forwarded": "0.2.0",
            "ipaddr.js": "1.9.1"
          }
        },
        "qs": {
          "version": "6.9.7",
          "resolved": "https://registry.npmjs.org/qs/-/qs-6.9.7.tgz",
          "integrity": "sha512-IhMFgUmuNpyRfxA90umL7ByLlgRXu6tIfKPpF5TmcfRLlLCckfP/g3IQmju6jjpu+Hh8rA+2p6A27ZSPOOHdKw=="
        },
        "range-parser": {
          "version": "1.2.1",
          "resolved": "https://registry.npmjs.org/range-parser/-/range-parser-1.2.1.tgz",
          "integrity": "sha512-Hrgsx+orqoygnmhFbKaHE6c296J+HTAQXoxEF6gNupROmmGJRoyzfG3ccAveqCBrwr/2yxQ5BVd/GTl5agOwSg=="
        },
        "raw-body": {
          "version": "2.4.3",
          "resolved": "https://registry.npmjs.org/raw-body/-/raw-body-2.4.3.tgz",
          "integrity": "sha512-UlTNLIcu0uzb4D2f4WltY6cVjLi+/jEN4lgEUj3E04tpMDpUlkBo/eSn6zou9hum2VMNpCCUone0O0WeJim07g==",
          "requires": {
            "bytes": "3.1.2",
            "http-errors": "1.8.1",
            "iconv-lite": "0.4.24",
            "unpipe": "1.0.0"
          }
        },
        "safe-buffer": {
          "version": "5.2.1",
          "resolved": "https://registry.npmjs.org/safe-buffer/-/safe-buffer-5.2.1.tgz",
          "integrity": "sha512-rp3So07KcdmmKbGvgaNxQSJr7bGVSVk5S9Eq1F+ppbRo70+YeaDxkw5Dd8NPN+GD6bjnYm2VuPuCXmpuYvmCXQ=="
        },
        "send": {
          "version": "0.17.2",
          "resolved": "https://registry.npmjs.org/send/-/send-0.17.2.tgz",
          "integrity": "sha512-UJYB6wFSJE3G00nEivR5rgWp8c2xXvJ3OPWPhmuteU0IKj8nKbG3DrjiOmLwpnHGYWAVwA69zmTm++YG0Hmwww==",
          "requires": {
            "debug": "2.6.9",
            "depd": "~1.1.2",
            "destroy": "~1.0.4",
            "encodeurl": "~1.0.2",
            "escape-html": "~1.0.3",
            "etag": "~1.8.1",
            "fresh": "0.5.2",
            "http-errors": "1.8.1",
            "mime": "1.6.0",
            "ms": "2.1.3",
            "on-finished": "~2.3.0",
            "range-parser": "~1.2.1",
            "statuses": "~1.5.0"
          }
        },
        "serve-static": {
          "version": "1.14.2",
          "resolved": "https://registry.npmjs.org/serve-static/-/serve-static-1.14.2.tgz",
          "integrity": "sha512-+TMNA9AFxUEGuC0z2mevogSnn9MXKb4fa7ngeRMJaaGv8vTwnIEkKi+QGvPt33HSnf8pRS+WGM0EbMtCJLKMBQ==",
          "requires": {
            "encodeurl": "~1.0.2",
            "escape-html": "~1.0.3",
            "parseurl": "~1.3.3",
            "send": "0.17.2"
          }
        },
        "setprototypeof": {
          "version": "1.2.0",
          "resolved": "https://registry.npmjs.org/setprototypeof/-/setprototypeof-1.2.0.tgz",
          "integrity": "sha512-E5LDX7Wrp85Kil5bhZv46j8jOeboKq5JMmYM3gVGdGH8xFpPWXUMsNrlODCrkoxMEeNi/XZIwuRvY4XNwYMJpw=="
        },
        "statuses": {
          "version": "1.5.0",
          "resolved": "https://registry.npmjs.org/statuses/-/statuses-1.5.0.tgz",
          "integrity": "sha512-OpZ3zP+jT1PI7I8nemJX4AKmAX070ZkYPVWV/AaKTJl+tXCTGyVdC1a4SL8RUQYEwk/f34ZX8UTykN68FwrqAA=="
        },
        "type-is": {
          "version": "1.6.18",
          "resolved": "https://registry.npmjs.org/type-is/-/type-is-1.6.18.tgz",
          "integrity": "sha512-TkRKr9sUTxEH8MdfuCSP7VizJyzRNMjj2J2do2Jr3Kym598JVdEksuzPQCnlFPW4ky9Q+iA+ma9BGm06XQBy8g==",
          "requires": {
            "media-typer": "0.3.0",
            "mime-types": "~2.1.24"
          }
        }
      }
    },
    "fast-check": {
      "version": "1.13.0",
      "resolved": "https://registry.npmjs.org/fast-check/-/fast-check-1.13.0.tgz",
      "integrity": "sha512-GlpwnO0mgNV5L5WqU6xGAURw9MMhePLCNfPXgG7hDyABl8obqCK03auKZArBPbybzuYFSKQ2wBMonnf1tbelkw==",
      "dev": true
    },
    "fp-ts": {
      "version": "1.15.0",
      "resolved": "https://registry.npmjs.org/fp-ts/-/fp-ts-1.15.0.tgz",
      "integrity": "sha512-D0gnY9qnpifaqNABqSKjttOW4YVpAHK7I7hcstJllbyqS1GKzbQoAguZYr77DhXzIXnsJiqo65dCHJZq6ouxiQ=="
    },
    "fresh": {
      "version": "0.5.2",
      "resolved": "https://registry.npmjs.org/fresh/-/fresh-0.5.2.tgz",
      "integrity": "sha1-PYyt2Q2XZWn6g1qx+OSyOhBWBac="
    },
    "jest": {
      "version": "24.5.0",
      "resolved": "https://registry.npmjs.org/jest/-/jest-24.5.0.tgz",
      "integrity": "sha512-lxL+Fq5/RH7inxxmfS2aZLCf8MsS+YCUBfeiNO6BWz/MmjhDGaIEA/2bzEf9q4Q0X+mtFHiinHFvQ0u+RvW/qQ==",
      "dev": true,
      "dependencies": {
        "@cnakazawa/watch": {
          "version": "1.0.3",
          "resolved": "https://registry.npmjs.org/@cnakazawa/watch/-/watch-1.0.3.tgz",
          "integrity": "sha512-r5160ogAvGyHsal38Kux7YYtodEKOj89RGb28ht1jh3SJb08VwRwAKKJL0bGb04Zd/3r9FL3BFIc3bBidYffCA=="
        },
        "babel-jest": {
          "version": "24.5.0",
          "resolved": "https://registry.npmjs.org/babel-jest/-/babel-jest-24.5.0.tgz",
          "integrity": "sha512-0fKCXyRwxFTJL0UXDJiT2xYxO9Lu2vBd9n+cC+eDjESzcVG3s2DRGAxbzJX21fceB1WYoBjAh8pQ83dKcl003g=="
        },
        "babel-plugin-jest-hoist": {
          "version": "24.3.0",
          "resolved": "https://registry.npmjs.org/babel-plugin-jest-hoist/-/babel-plugin-jest-hoist-24.3.0.tgz",
          "integrity": "sha512-nWh4N1mVH55Tzhx2isvUN5ebM5CDUvIpXPZYMRazQughie/EqGnbR+czzoQlhUmJG9pPJmYDRhvocotb2THl1w=="
        },
        "babel-preset-jest": {
          "version": "24.3.0",
          "resolved": "https://registry.npmjs.org/babel-preset-jest/-/babel-preset-jest-24.3.0.tgz",
          "integrity": "sha512-VGTV2QYBa/Kn3WCOKdfS31j9qomaXSgJqi65B6o05/1GsJyj9LVhSljM9ro4S+IBGj/ENhNBuH9bpqzztKAQSw=="
        },
        "capture-exit": {
          "version": "2.0.0",
          "resolved": "https://registry.npmjs.org/capture-exit/-/capture-exit-2.0.0.tgz",
          "integrity": "sha512-PiT/hQmTonHhl/HFGN+Lx3JJUznrVYJ3+AQsnthneZbvW7x+f08Tk7yLJTLEOUvBTbduLeeBkxEaYXUOUrRq6g=="
        },
        "diff-sequences": {
          "version": "24.3.0",
          "resolved": "https://registry.npmjs.org/diff-sequences/-/diff-sequences-24.3.0.tgz",
          "integrity": "sha512-xLqpez+Zj9GKSnPWS0WZw1igGocZ+uua8+y+5dDNTT934N3QuY1sp2LkHzwiaYQGz60hMq0pjAshdeXm5VUOEw=="
        },
        "exec-sh": {
          "version": "0.3.2",
          "resolved": "https://registry.npmjs.org/exec-sh/-/exec-sh-0.3.2.tgz",
          "integrity": "sha512-9sLAvzhI5nc8TpuQUh4ahMdCrWT00wPWz7j47/emR5+2qEfoZP5zzUXvx+vdx+H6ohhnsYC31iX04QLYJK8zTg=="
        },
        "expect": {
          "version": "24.5.0",
          "resolved": "https://registry.npmjs.org/expect/-/expect-24.5.0.tgz",
          "integrity": "sha512-p2Gmc0CLxOgkyA93ySWmHFYHUPFIHG6XZ06l7WArWAsrqYVaVEkOU5NtT5i68KUyGKbkQgDCkiT65bWmdoL6Bw=="
        },
        "jest-cli": {
          "version": "24.5.0",
          "resolved": "https://registry.npmjs.org/jest-cli/-/jest-cli-24.5.0.tgz",
          "integrity": "sha512-P+Jp0SLO4KWN0cGlNtC7JV0dW1eSFR7eRpoOucP2UM0sqlzp/bVHeo71Omonvigrj9AvCKy7NtQANtqJ7FXz8g=="
        },
        "jest-config": {
          "version": "24.5.0",
          "resolved": "https://registry.npmjs.org/jest-config/-/jest-config-24.5.0.tgz",
          "integrity": "sha512-t2UTh0Z2uZhGBNVseF8wA2DS2SuBiLOL6qpLq18+OZGfFUxTM7BzUVKyHFN/vuN+s/aslY1COW95j1Rw81huOQ=="
        },
        "jest-diff": {
          "version": "24.5.0",
          "resolved": "https://registry.npmjs.org/jest-diff/-/jest-diff-24.5.0.tgz",
          "integrity": "sha512-mCILZd9r7zqL9Uh6yNoXjwGQx0/J43OD2vvWVKwOEOLZliQOsojXwqboubAQ+Tszrb6DHGmNU7m4whGeB9YOqw=="
        },
        "jest-each": {
          "version": "24.5.0",
          "resolved": "https://registry.npmjs.org/jest-each/-/jest-each-24.5.0.tgz",
          "integrity": "sha512-6gy3Kh37PwIT5sNvNY2VchtIFOOBh8UCYnBlxXMb5sr5wpJUDPTUATX2Axq1Vfk+HWTMpsYPeVYp4TXx5uqUBw=="
        },
        "jest-environment-jsdom": {
          "version": "24.5.0",
          "resolved": "https://registry.npmjs.org/jest-environment-jsdom/-/jest-environment-jsdom-24.5.0.tgz",
          "integrity": "sha512-62Ih5HbdAWcsqBx2ktUnor/mABBo1U111AvZWcLKeWN/n/gc5ZvDBKe4Og44fQdHKiXClrNGC6G0mBo6wrPeGQ=="
        },
        "jest-environment-node": {
          "version": "24.5.0",
          "resolved": "https://registry.npmjs.org/jest-environment-node/-/jest-environment-node-24.5.0.tgz",
          "integrity": "sha512-du6FuyWr/GbKLsmAbzNF9mpr2Iu2zWSaq/BNHzX+vgOcts9f2ayXBweS7RAhr+6bLp6qRpMB6utAMF5Ygktxnw=="
        },
        "jest-get-type": {
          "version": "24.3.0",
          "resolved": "https://registry.npmjs.org/jest-get-type/-/jest-get-type-24.3.0.tgz",
          "integrity": "sha512-HYF6pry72YUlVcvUx3sEpMRwXEWGEPlJ0bSPVnB3b3n++j4phUEoSPcS6GC0pPJ9rpyPSe4cb5muFo6D39cXow=="
        },
        "jest-haste-map": {
          "version": "24.5.0",
          "resolved": "https://registry.npmjs.org/jest-haste-map/-/jest-haste-map-24.5.0.tgz",
          "integrity": "sha512-mb4Yrcjw9vBgSvobDwH8QUovxApdimGcOkp+V1ucGGw4Uvr3VzZQBJhNm1UY3dXYm4XXyTW2G7IBEZ9pM2ggRQ=="
        },
        "jest-jasmine2": {
          "version": "24.5.0",
          "resolved": "https://registry.npmjs.org/jest-jasmine2/-/jest-jasmine2-24.5.0.tgz",
          "integrity": "sha512-sfVrxVcx1rNUbBeyIyhkqZ4q+seNKyAG6iM0S2TYBdQsXjoFDdqWFfsUxb6uXSsbimbXX/NMkJIwUZ1uT9+/Aw=="
        },
        "jest-matcher-utils": {
          "version": "24.5.0",
          "resolved": "https://registry.npmjs.org/jest-matcher-utils/-/jest-matcher-utils-24.5.0.tgz",
          "integrity": "sha512-QM1nmLROjLj8GMGzg5VBra3I9hLpjMPtF1YqzQS3rvWn2ltGZLrGAO1KQ9zUCVi5aCvrkbS5Ndm2evIP9yZg1Q=="
        },
        "jest-message-util": {
          "version": "24.5.0",
          "resolved": "https://registry.npmjs.org/jest-message-util/-/jest-message-util-24.5.0.tgz",
          "integrity": "sha512-6ZYgdOojowCGiV0D8WdgctZEAe+EcFU+KrVds+0ZjvpZurUW2/oKJGltJ6FWY2joZwYXN5VL36GPV6pNVRqRnQ=="
        },
        "jest-mock": {
          "version": "24.5.0",
          "resolved": "https://registry.npmjs.org/jest-mock/-/jest-mock-24.5.0.tgz",
          "integrity": "sha512-ZnAtkWrKf48eERgAOiUxVoFavVBziO2pAi2MfZ1+bGXVkDfxWLxU0//oJBkgwbsv6OAmuLBz4XFFqvCFMqnGUw=="
        },
        "jest-regex-util": {
          "version": "24.3.0",
          "resolved": "https://registry.npmjs.org/jest-regex-util/-/jest-regex-util-24.3.0.tgz",
          "integrity": "sha512-tXQR1NEOyGlfylyEjg1ImtScwMq8Oh3iJbGTjN7p0J23EuVX1MA8rwU69K4sLbCmwzgCUbVkm0FkSF9TdzOhtg=="
        },
        "jest-resolve": {
          "version": "24.5.0",
          "resolved": "https://registry.npmjs.org/jest-resolve/-/jest-resolve-24.5.0.tgz",
          "integrity": "sha512-ZIfGqLX1Rg8xJpQqNjdoO8MuxHV1q/i2OO1hLXjgCWFWs5bsedS8UrOdgjUqqNae6DXA+pCyRmdcB7lQEEbXew=="
        },
        "jest-runtime": {
          "version": "24.5.0",
          "resolved": "https://registry.npmjs.org/jest-runtime/-/jest-runtime-24.5.0.tgz",
          "integrity": "sha512-GTFHzfLdwpaeoDPilNpBrorlPoNZuZrwKKzKJs09vWwHo+9TOsIIuszK8cWOuKC7ss07aN1922Ge8fsGdsqCuw=="
        },
        "jest-serializer": {
          "version": "24.4.0",
          "resolved": "https://registry.npmjs.org/jest-serializer/-/jest-serializer-24.4.0.tgz",
          "integrity": "sha512-k//0DtglVstc1fv+GY/VHDIjrtNjdYvYjMlbLUed4kxrE92sIUewOi5Hj3vrpB8CXfkJntRPDRjCrCvUhBdL8Q=="
        },
        "jest-snapshot": {
          "version": "24.5.0",
          "resolved": "https://registry.npmjs.org/jest-snapshot/-/jest-snapshot-24.5.0.tgz",
          "integrity": "sha512-eBEeJb5ROk0NcpodmSKnCVgMOo+Qsu5z9EDl3tGffwPzK1yV37mjGWF2YeIz1NkntgTzP+fUL4s09a0+0dpVWA=="
        },
        "jest-util": {
          "version": "24.5.0",
          "resolved": "https://registry.npmjs.org/jest-util/-/jest-util-24.5.0.tgz",
          "integrity": "sha512-Xy8JsD0jvBz85K7VsTIQDuY44s+hYJyppAhcsHsOsGisVtdhar6fajf2UOf2mEVEgh15ZSdA0zkCuheN8cbr1Q=="
        },
        "jest-validate": {
          "version": "24.5.0",
          "resolved": "https://registry.npmjs.org/jest-validate/-/jest-validate-24.5.0.tgz",
          "integrity": "sha512-gg0dYszxjgK2o11unSIJhkOFZqNRQbWOAB2/LOUdsd2LfD9oXiMeuee8XsT0iRy5EvSccBgB4h/9HRbIo3MHgQ=="
        },
        "jest-worker": {
          "version": "24.4.0",
          "resolved": "https://registry.npmjs.org/jest-worker/-/jest-worker-24.4.0.tgz",
          "integrity": "sha512-BH9X/klG9vxwoO99ZBUbZFfV8qO0XNZ5SIiCyYK2zOuJBl6YJVAeNIQjcoOVNu4HGEHeYEKsUWws8kSlSbZ9YQ=="
        },
        "pretty-format": {
          "version": "24.5.0",
          "resolved": "https://registry.npmjs.org/pretty-format/-/pretty-format-24.5.0.tgz",
          "integrity": "sha512-/3RuSghukCf8Riu5Ncve0iI+BzVkbRU5EeUoArKARZobREycuH5O4waxvaNIloEXdb0qwgmEAed5vTpX1HNROQ=="
        },
        "rsvp": {
          "version": "4.8.4",
          "resolved": "https://registry.npmjs.org/rsvp/-/rsvp-4.8.4.tgz",
          "integrity": "sha512-6FomvYPfs+Jy9TfXmBpBuMWNH94SgCsZmJKcanySzgNNP6LjWxBvyLTa9KaMfDDM5oxRfrKDB0r/qeRsLwnBfA=="
        },
        "sane": {
          "version": "4.1.0",
          "resolved": "https://registry.npmjs.org/sane/-/sane-4.1.0.tgz",
          "integrity": "sha512-hhbzAgTIX8O7SHfp2c8/kREfEn4qO/9q8C9beyY6+tvZ87EpoZ3i1RIEvp27YBswnNbY9mWd6paKVmKbAgLfZA=="
        },
        "source-map": {
          "version": "0.6.1",
          "resolved": "https://registry.npmjs.org/source-map/-/source-map-0.6.1.tgz",
          "integrity": "sha512-UjgapumWlbMhkBgzT7Ykc5YXUT46F0iKu8SGXq0bcwP5dz/h0Plj6enJqjz1Zbq2l5WaqYnrVbwWOWMyF3F47g=="
        },
        "supports-color": {
          "version": "6.1.0",
          "resolved": "https://registry.npmjs.org/supports-color/-/supports-color-6.1.0.tgz",
          "integrity": "sha512-qe1jfm1Mg7Nq/NSh6XE24gPXROEVsWHxC1LIx//XNlD9iw7YZQGjZNjYN7xGaEG6iKdA8EtNFW6R0gjnVXp+wQ=="
        }
      }
    },
    "media-typer": {
      "version": "0.3.0",
      "resolved": "https://registry.npmjs.org/media-typer/-/media-typer-0.3.0.tgz",
      "integrity": "sha1-hxDXrwqmJvj/+hzgAWhUUmMlV0g="
    },
    "merge-descriptors": {
      "version": "1.0.1",
      "resolved": "https://registry.npmjs.org/merge-descriptors/-/merge-descriptors-1.0.1.tgz",
      "integrity": "sha1-sAqqVW3YtEVoFQ7J0blT8/kMu2E="
    },
    "methods": {
      "version": "1.1.2",
      "resolved": "https://registry.npmjs.org/methods/-/methods-1.1.2.tgz",
      "integrity": "sha1-VSmk1nZUE07cxSZmVoNbD4Ua/O4="
    },
    "on-finished": {
      "version": "2.3.0",
      "resolved": "https://registry.npmjs.org/on-finished/-/on-finished-2.3.0.tgz",
      "integrity": "sha1-IPEzZIGwg811M3mSoWlxqi2QaUc="
    },
    "path-to-regexp": {
      "version": "0.1.7",
      "resolved": "https://registry.npmjs.org/path-to-regexp/-/path-to-regexp-0.1.7.tgz",
      "integrity": "sha1-32BBeABfUi8V60SQ5yR6G/qmf4w="
    },
    "safer-buffer": {
      "version": "2.1.2",
      "resolved": "https://registry.npmjs.org/safer-buffer/-/safer-buffer-2.1.2.tgz",
      "integrity": "sha512-YZo3K82SD7Riyi0E1EQPojLz7kpepnSQI9IyPbHHg1XXXevb5dJI7tpyN2ADxGcQbHG7vcyRHk0cbwqcQriUtg=="
    },
    "toidentifier": {
      "version": "1.0.1",
      "resolved": "https://registry.npmjs.org/toidentifier/-/toidentifier-1.0.1.tgz",
      "integrity": "sha512-o5sSPKEkg/DIQNmH43V0/uerLrpzVedkUh8tGNvaeXpfpuwjKenlSox/2O/BTlZUtEe+JG7s5YhEz608PlAHRA=="
    },
    "tslint": {
      "version": "5.14.0",
      "resolved": "https://registry.npmjs.org/tslint/-/tslint-5.14.0.tgz",
      "integrity": "sha512-IUla/ieHVnB8Le7LdQFRGlVJid2T/gaJe5VkjzRVSRR6pA2ODYrnfR1hmxi+5+au9l50jBwpbBL34txgv4NnTQ==",
      "dev": true
    },
    "typescript": {
      "version": "3.3.4000",
      "resolved": "https://registry.npmjs.org/typescript/-/typescript-3.3.4000.tgz",
      "integrity": "sha512-jjOcCZvpkl2+z7JFn0yBOoLQyLoIkNZAs/fYJkUG6VKy6zLPHJGfQJYFHzibB6GJaF/8QrcECtlQ5cpvRHSMEA==",
      "dev": true
    },
    "unpipe": {
      "version": "1.0.0",
      "resolved": "https://registry.npmjs.org/unpipe/-/unpipe-1.0.0.tgz",
      "integrity": "sha1-sr9O6FFKrmFltIF4KdIbLvSZBOw="
    },
    "utils-merge": {
      "version": "1.0.1",
      "resolved": "https://registry.npmjs.org/utils-merge/-/utils-merge-1.0.1.tgz",
      "integrity": "sha1-n5VxD1CiZ5R7LMwSR0HBAoQn5xM="
    },
    "vary": {
      "version": "1.1.2",
      "resolved": "https://registry.npmjs.org/vary/-/vary-1.1.2.tgz",
      "integrity": "sha1-IpnwLG3tMNSllhsLn3RSShj2NPw="
    }
  }
}
